
Microsoft Visual Studio Solution File, Format Version 12.00
# Visual Studio Version 17
VisualStudioVersion = 17.6.33815.320
MinimumVisualStudioVersion = 10.0.40219.1
Project("{FAE04EC0-301F-11D3-BF4B-00C04F79EFBC}") = "Snake", "Snake\Snake.csproj", "{4465F289-205B-4326-AA95-A9E6F7B0E778}"
EndProject
Global
	GlobalSection(SolutionConfigurationPlatforms) = preSolution
		Debug|Any CPU = Debug|Any CPU
		Release|Any CPU = Release|Any CPU
	EndGlobalSection
	GlobalSection(ProjectConfigurationPlatforms) = postSolution
		{4465F289-205B-4326-AA95-A9E6F7B0E778}.Debug|Any CPU.ActiveCfg = Debug|Any CPU
		{4465F289-205B-4326-AA95-A9E6F7B0E778}.Debug|Any CPU.Build.0 = Debug|Any CPU
		{4465F289-205B-4326-AA95-A9E6F7B0E778}.Release|Any CPU.ActiveCfg = Release|Any CPU
		{4465F289-205B-4326-AA95-A9E6F7B0E778}.Release|Any CPU.Build.0 = Release|Any CPU
	EndGlobalSection
	GlobalSection(SolutionProperties) = preSolution
		HideSolutionNode = FALSE
	EndGlobalSection
	GlobalSection(ExtensibilityGlobals) = postSolution
		SolutionGuid = {C3DACC4E-19B0-448C-B782-D7C318B88DBC}
	EndGlobalSection
EndGlobal
