
Microsoft Visual Studio Solution File, Format Version 12.00
# Visual Studio Version 17
VisualStudioVersion = 17.6.33815.320
MinimumVisualStudioVersion = 10.0.40219.1
Project("{FAE04EC0-301F-11D3-BF4B-00C04F79EFBC}") = "HajosTeszt", "HajosTeszt\HajosTeszt.csproj", "{9F21BAF8-E4CE-4D60-B9C0-7E1D5BA77608}"
EndProject
Global
	GlobalSection(SolutionConfigurationPlatforms) = preSolution
		Debug|Any CPU = Debug|Any CPU
		Release|Any CPU = Release|Any CPU
	EndGlobalSection
	GlobalSection(ProjectConfigurationPlatforms) = postSolution
		{9F21BAF8-E4CE-4D60-B9C0-7E1D5BA77608}.Debug|Any CPU.ActiveCfg = Debug|Any CPU
		{9F21BAF8-E4CE-4D60-B9C0-7E1D5BA77608}.Debug|Any CPU.Build.0 = Debug|Any CPU
		{9F21BAF8-E4CE-4D60-B9C0-7E1D5BA77608}.Release|Any CPU.ActiveCfg = Release|Any CPU
		{9F21BAF8-E4CE-4D60-B9C0-7E1D5BA77608}.Release|Any CPU.Build.0 = Release|Any CPU
	EndGlobalSection
	GlobalSection(SolutionProperties) = preSolution
		HideSolutionNode = FALSE
	EndGlobalSection
	GlobalSection(ExtensibilityGlobals) = postSolution
		SolutionGuid = {14A3A23B-C4C8-4E13-A3AA-DACD4EBAACE9}
	EndGlobalSection
EndGlobal
